// !$*UTF8*$!
{
	archiveVersion = 1;
	classes = {
	};
	objectVersion = 46;
	objects = {

/* Begin PBXBuildFile section */
		607FACD61AFB9204008FA782 /* AppDelegate.swift in Sources */ = {isa = PBXBuildFile; fileRef = 607FACD51AFB9204008FA782 /* AppDelegate.swift */; };
		607FACD81AFB9204008FA782 /* ViewController.swift in Sources */ = {isa = PBXBuildFile; fileRef = 607FACD71AFB9204008FA782 /* ViewController.swift */; };
		607FACDB1AFB9204008FA782 /* Main.storyboard in Resources */ = {isa = PBXBuildFile; fileRef = 607FACD91AFB9204008FA782 /* Main.storyboard */; };
		607FACDD1AFB9204008FA782 /* Images.xcassets in Resources */ = {isa = PBXBuildFile; fileRef = 607FACDC1AFB9204008FA782 /* Images.xcassets */; };
		607FACE01AFB9204008FA782 /* LaunchScreen.xib in Resources */ = {isa = PBXBuildFile; fileRef = 607FACDE1AFB9204008FA782 /* LaunchScreen.xib */; };
		D68331A069F265D437D923C7 /* Pods_rubber_range_picker_Example.framework in Frameworks */ = {isa = PBXBuildFile; fileRef = CBD78FB19F5524DBA3E861E4 /* Pods_rubber_range_picker_Example.framework */; };
/* End PBXBuildFile section */

/* Begin PBXFileReference section */
		0CC36A62D6BAA2394BB9F43D /* rubber-range-picker.podspec */ = {isa = PBXFileReference; includeInIndex = 1; lastKnownFileType = text; name = "rubber-range-picker.podspec"; path = "../rubber-range-picker.podspec"; sourceTree = "<group>"; xcLanguageSpecificationIdentifier = xcode.lang.ruby; };
		471628E8BC5BE9AB612F4FD9 /* LICENSE */ = {isa = PBXFileReference; includeInIndex = 1; lastKnownFileType = text; name = LICENSE; path = ../LICENSE; sourceTree = "<group>"; };
		607FACD01AFB9204008FA782 /* rubber-range-picker_Example.app */ = {isa = PBXFileReference; explicitFileType = wrapper.application; includeInIndex = 0; path = "rubber-range-picker_Example.app"; sourceTree = BUILT_PRODUCTS_DIR; };
		607FACD41AFB9204008FA782 /* Info.plist */ = {isa = PBXFileReference; lastKnownFileType = text.plist.xml; path = Info.plist; sourceTree = "<group>"; };
		607FACD51AFB9204008FA782 /* AppDelegate.swift */ = {isa = PBXFileReference; lastKnownFileType = sourcecode.swift; path = AppDelegate.swift; sourceTree = "<group>"; };
		607FACD71AFB9204008FA782 /* ViewController.swift */ = {isa = PBXFileReference; lastKnownFileType = sourcecode.swift; path = ViewController.swift; sourceTree = "<group>"; };
		607FACDA1AFB9204008FA782 /* Base */ = {isa = PBXFileReference; lastKnownFileType = file.storyboard; name = Base; path = Base.lproj/Main.storyboard; sourceTree = "<group>"; };
		607FACDC1AFB9204008FA782 /* Images.xcassets */ = {isa = PBXFileReference; lastKnownFileType = folder.assetcatalog; path = Images.xcassets; sourceTree = "<group>"; };
		607FACDF1AFB9204008FA782 /* Base */ = {isa = PBXFileReference; lastKnownFileType = file.xib; name = Base; path = Base.lproj/LaunchScreen.xib; sourceTree = "<group>"; };
		6950D51C745AA570E97D8B51 /* Pods-rubber-range-picker_Example.debug.xcconfig */ = {isa = PBXFileReference; includeInIndex = 1; lastKnownFileType = text.xcconfig; name = "Pods-rubber-range-picker_Example.debug.xcconfig"; path = "Target Support Files/Pods-rubber-range-picker_Example/Pods-rubber-range-picker_Example.debug.xcconfig"; sourceTree = "<group>"; };
		80F4B68D2372213B9E6A1537 /* Pods_rubber_range_picker_Tests.framework */ = {isa = PBXFileReference; explicitFileType = wrapper.framework; includeInIndex = 0; path = Pods_rubber_range_picker_Tests.framework; sourceTree = BUILT_PRODUCTS_DIR; };
		86283CD14BECA0BA17C7955E /* Pods-rubber-range-picker_Tests.debug.xcconfig */ = {isa = PBXFileReference; includeInIndex = 1; lastKnownFileType = text.xcconfig; name = "Pods-rubber-range-picker_Tests.debug.xcconfig"; path = "Target Support Files/Pods-rubber-range-picker_Tests/Pods-rubber-range-picker_Tests.debug.xcconfig"; sourceTree = "<group>"; };
		CB4FC64D813F0522779A2DB9 /* Pods-rubber-range-picker_Tests.release.xcconfig */ = {isa = PBXFileReference; includeInIndex = 1; lastKnownFileType = text.xcconfig; name = "Pods-rubber-range-picker_Tests.release.xcconfig"; path = "Target Support Files/Pods-rubber-range-picker_Tests/Pods-rubber-range-picker_Tests.release.xcconfig"; sourceTree = "<group>"; };
		CBD78FB19F5524DBA3E861E4 /* Pods_rubber_range_picker_Example.framework */ = {isa = PBXFileReference; explicitFileType = wrapper.framework; includeInIndex = 0; path = Pods_rubber_range_picker_Example.framework; sourceTree = BUILT_PRODUCTS_DIR; };
		EC14AE661B72A2C3A43980F0 /* Pods-rubber-range-picker_Example.release.xcconfig */ = {isa = PBXFileReference; includeInIndex = 1; lastKnownFileType = text.xcconfig; name = "Pods-rubber-range-picker_Example.release.xcconfig"; path = "Target Support Files/Pods-rubber-range-picker_Example/Pods-rubber-range-picker_Example.release.xcconfig"; sourceTree = "<group>"; };
		F04E529041432A7AECAFAB79 /* README.md */ = {isa = PBXFileReference; includeInIndex = 1; lastKnownFileType = net.daringfireball.markdown; name = README.md; path = ../README.md; sourceTree = "<group>"; };
/* End PBXFileReference section */

/* Begin PBXFrameworksBuildPhase section */
		607FACCD1AFB9204008FA782 /* Frameworks */ = {
			isa = PBXFrameworksBuildPhase;
			buildActionMask = 2147483647;
			files = (
				D68331A069F265D437D923C7 /* Pods_rubber_range_picker_Example.framework in Frameworks */,
			);
			runOnlyForDeploymentPostprocessing = 0;
		};
/* End PBXFrameworksBuildPhase section */

/* Begin PBXGroup section */
		418C4B4D9DEA5DBA5230A5DE /* Pods */ = {
			isa = PBXGroup;
			children = (
				6950D51C745AA570E97D8B51 /* Pods-rubber-range-picker_Example.debug.xcconfig */,
				EC14AE661B72A2C3A43980F0 /* Pods-rubber-range-picker_Example.release.xcconfig */,
				86283CD14BECA0BA17C7955E /* Pods-rubber-range-picker_Tests.debug.xcconfig */,
				CB4FC64D813F0522779A2DB9 /* Pods-rubber-range-picker_Tests.release.xcconfig */,
			);
			path = Pods;
			sourceTree = "<group>";
		};
		607FACC71AFB9204008FA782 = {
			isa = PBXGroup;
			children = (
				607FACF51AFB993E008FA782 /* Podspec Metadata */,
				607FACD21AFB9204008FA782 /* Example for rubber-range-picker */,
				607FACD11AFB9204008FA782 /* Products */,
				418C4B4D9DEA5DBA5230A5DE /* Pods */,
				C9D8D78D4069CDA35B484E6E /* Frameworks */,
			);
			sourceTree = "<group>";
		};
		607FACD11AFB9204008FA782 /* Products */ = {
			isa = PBXGroup;
			children = (
				607FACD01AFB9204008FA782 /* rubber-range-picker_Example.app */,
			);
			name = Products;
			sourceTree = "<group>";
		};
		607FACD21AFB9204008FA782 /* Example for rubber-range-picker */ = {
			isa = PBXGroup;
			children = (
				607FACD51AFB9204008FA782 /* AppDelegate.swift */,
				607FACD71AFB9204008FA782 /* ViewController.swift */,
				607FACD91AFB9204008FA782 /* Main.storyboard */,
				607FACDC1AFB9204008FA782 /* Images.xcassets */,
				607FACDE1AFB9204008FA782 /* LaunchScreen.xib */,
				607FACD31AFB9204008FA782 /* Supporting Files */,
			);
			name = "Example for rubber-range-picker";
			path = "rubber-range-picker";
			sourceTree = "<group>";
		};
		607FACD31AFB9204008FA782 /* Supporting Files */ = {
			isa = PBXGroup;
			children = (
				607FACD41AFB9204008FA782 /* Info.plist */,
			);
			name = "Supporting Files";
			sourceTree = "<group>";
		};
		607FACF51AFB993E008FA782 /* Podspec Metadata */ = {
			isa = PBXGroup;
			children = (
				0CC36A62D6BAA2394BB9F43D /* rubber-range-picker.podspec */,
				F04E529041432A7AECAFAB79 /* README.md */,
				471628E8BC5BE9AB612F4FD9 /* LICENSE */,
			);
			name = "Podspec Metadata";
			sourceTree = "<group>";
		};
		C9D8D78D4069CDA35B484E6E /* Frameworks */ = {
			isa = PBXGroup;
			children = (
				CBD78FB19F5524DBA3E861E4 /* Pods_rubber_range_picker_Example.framework */,
				80F4B68D2372213B9E6A1537 /* Pods_rubber_range_picker_Tests.framework */,
			);
			name = Frameworks;
			sourceTree = "<group>";
		};
/* End PBXGroup section */

/* Begin PBXNativeTarget section */
		607FACCF1AFB9204008FA782 /* rubber-range-picker_Example */ = {
			isa = PBXNativeTarget;
			buildConfigurationList = 607FACEF1AFB9204008FA782 /* Build configuration list for PBXNativeTarget "rubber-range-picker_Example" */;
			buildPhases = (
				12D51CDFC06027F344AF0D66 /* [CP] Check Pods Manifest.lock */,
				607FACCC1AFB9204008FA782 /* Sources */,
				607FACCD1AFB9204008FA782 /* Frameworks */,
				607FACCE1AFB9204008FA782 /* Resources */,
				6E7C02C390596FA2E71FE381 /* [CP] Embed Pods Frameworks */,
			);
			buildRules = (
			);
			dependencies = (
			);
			name = "rubber-range-picker_Example";
			productName = "rubber-range-picker";
			productReference = 607FACD01AFB9204008FA782 /* rubber-range-picker_Example.app */;
			productType = "com.apple.product-type.application";
		};
/* End PBXNativeTarget section */

/* Begin PBXProject section */
		607FACC81AFB9204008FA782 /* Project object */ = {
			isa = PBXProject;
			attributes = {
				LastSwiftUpdateCheck = 0830;
				LastUpgradeCheck = 0830;
				ORGANIZATIONNAME = CocoaPods;
				TargetAttributes = {
					607FACCF1AFB9204008FA782 = {
						CreatedOnToolsVersion = 6.3.1;
						DevelopmentTeam = SK7A63GXF6;
						LastSwiftMigration = 0900;
					};
				};
			};
			buildConfigurationList = 607FACCB1AFB9204008FA782 /* Build configuration list for PBXProject "rubber-range-picker" */;
			compatibilityVersion = "Xcode 3.2";
			developmentRegion = English;
			hasScannedForEncodings = 0;
			knownRegions = (
				en,
				Base,
			);
			mainGroup = 607FACC71AFB9204008FA782;
			productRefGroup = 607FACD11AFB9204008FA782 /* Products */;
			projectDirPath = "";
			projectRoot = "";
			targets = (
				607FACCF1AFB9204008FA782 /* rubber-range-picker_Example */,
			);
		};
/* End PBXProject section */

/* Begin PBXResourcesBuildPhase section */
		607FACCE1AFB9204008FA782 /* Resources */ = {
			isa = PBXResourcesBuildPhase;
			buildActionMask = 2147483647;
			files = (
				607FACDB1AFB9204008FA782 /* Main.storyboard in Resources */,
				607FACE01AFB9204008FA782 /* LaunchScreen.xib in Resources */,
				607FACDD1AFB9204008FA782 /* Images.xcassets in Resources */,
			);
			runOnlyForDeploymentPostprocessing = 0;
		};
/* End PBXResourcesBuildPhase section */

/* Begin PBXShellScriptBuildPhase section */
		12D51CDFC06027F344AF0D66 /* [CP] Check Pods Manifest.lock */ = {
			isa = PBXShellScriptBuildPhase;
			buildActionMask = 2147483647;
			files = (
			);
			inputFileListPaths = (
			);
			inputPaths = (
				"${PODS_PODFILE_DIR_PATH}/Podfile.lock",
				"${PODS_ROOT}/Manifest.lock",
			);
			name = "[CP] Check Pods Manifest.lock";
			outputFileListPaths = (
			);
			outputPaths = (
				"$(DERIVED_FILE_DIR)/Pods-rubber-range-picker_Example-checkManifestLockResult.txt",
			);
			runOnlyForDeploymentPostprocessing = 0;
			shellPath = /bin/sh;
			shellScript = "diff \"${PODS_PODFILE_DIR_PATH}/Podfile.lock\" \"${PODS_ROOT}/Manifest.lock\" > /dev/null\nif [ $? != 0 ] ; then\n    # print error to STDERR\n    echo \"error: The sandbox is not in sync with the Podfile.lock. Run 'pod install' or update your CocoaPods installation.\" >&2\n    exit 1\nfi\n# This output is used by Xcode 'outputs' to avoid re-running this script phase.\necho \"SUCCESS\" > \"${SCRIPT_OUTPUT_FILE_0}\"\n";
			showEnvVarsInLog = 0;
		};
		6E7C02C390596FA2E71FE381 /* [CP] Embed Pods Frameworks */ = {
			isa = PBXShellScriptBuildPhase;
			buildActionMask = 2147483647;
			files = (
			);
			inputFileListPaths = (
			);
			inputPaths = (
				"${PODS_ROOT}/Target Support Files/Pods-rubber-range-picker_Example/Pods-rubber-range-picker_Example-frameworks.sh",
				"${BUILT_PRODUCTS_DIR}/rubber-range-picker/rubber_range_picker.framework",
			);
			name = "[CP] Embed Pods Frameworks";
			outputFileListPaths = (
			);
			outputPaths = (
				"${TARGET_BUILD_DIR}/${FRAMEWORKS_FOLDER_PATH}/rubber_range_picker.framework",
			);
			runOnlyForDeploymentPostprocessing = 0;
			shellPath = /bin/sh;
			shellScript = "\"${PODS_ROOT}/Target Support Files/Pods-rubber-range-picker_Example/Pods-rubber-range-picker_Example-frameworks.sh\"\n";
			showEnvVarsInLog = 0;
		};
/* End PBXShellScriptBuildPhase section */

/* Begin PBXSourcesBuildPhase section */
		607FACCC1AFB9204008FA782 /* Sources */ = {
			isa = PBXSourcesBuildPhase;
			buildActionMask = 2147483647;
			files = (
				607FACD81AFB9204008FA782 /* ViewController.swift in Sources */,
				607FACD61AFB9204008FA782 /* AppDelegate.swift in Sources */,
			);
			runOnlyForDeploymentPostprocessing = 0;
		};
/* End PBXSourcesBuildPhase section */

/* Begin PBXVariantGroup section */
		607FACD91AFB9204008FA782 /* Main.storyboard */ = {
			isa = PBXVariantGroup;
			children = (
				607FACDA1AFB9204008FA782 /* Base */,
			);
			name = Main.storyboard;
			sourceTree = "<group>";
		};
		607FACDE1AFB9204008FA782 /* LaunchScreen.xib */ = {
			isa = PBXVariantGroup;
			children = (
				607FACDF1AFB9204008FA782 /* Base */,
			);
			name = LaunchScreen.xib;
			sourceTree = "<group>";
		};
/* End PBXVariantGroup section */

/* Begin XCBuildConfiguration section */
		607FACED1AFB9204008FA782 /* Debug */ = {
			isa = XCBuildConfiguration;
			buildSettings = {
				ALWAYS_SEARCH_USER_PATHS = NO;
				CLANG_CXX_LANGUAGE_STANDARD = "gnu++0x";
				CLANG_CXX_LIBRARY = "libc++";
				CLANG_ENABLE_MODULES = YES;
				CLANG_ENABLE_OBJC_ARC = YES;
				CLANG_WARN_BLOCK_CAPTURE_AUTORELEASING = YES;
				CLANG_WARN_BOOL_CONVERSION = YES;
				CLANG_WARN_COMMA = YES;
				CLANG_WARN_CONSTANT_CONVERSION = YES;
				CLANG_WARN_DIRECT_OBJC_ISA_USAGE = YES_ERROR;
				CLANG_WARN_EMPTY_BODY = YES;
				CLANG_WARN_ENUM_CONVERSION = YES;
				CLANG_WARN_INFINITE_RECURSION = YES;
				CLANG_WARN_INT_CONVERSION = YES;
				CLANG_WARN_NON_LITERAL_NULL_CONVERSION = YES;
				CLANG_WARN_OBJC_LITERAL_CONVERSION = YES;
				CLANG_WARN_OBJC_ROOT_CLASS = YES_ERROR;
				CLANG_WARN_RANGE_LOOP_ANALYSIS = YES;
				CLANG_WARN_STRICT_PROTOTYPES = YES;
				CLANG_WARN_SUSPICIOUS_MOVE = YES;
				CLANG_WARN_UNREACHABLE_CODE = YES;
				CLANG_WARN__DUPLICATE_METHOD_MATCH = YES;
				"CODE_SIGN_IDENTITY[sdk=iphoneos*]" = "iPhone Developer";
				COPY_PHASE_STRIP = NO;
				DEBUG_INFORMATION_FORMAT = "dwarf-with-dsym";
				ENABLE_STRICT_OBJC_MSGSEND = YES;
				ENABLE_TESTABILITY = YES;
				GCC_C_LANGUAGE_STANDARD = gnu99;
				GCC_DYNAMIC_NO_PIC = NO;
				GCC_NO_COMMON_BLOCKS = YES;
				GCC_OPTIMIZATION_LEVEL = 0;
				GCC_PREPROCESSOR_DEFINITIONS = (
					"DEBUG=1",
					"$(inherited)",
				);
				GCC_SYMBOLS_PRIVATE_EXTERN = NO;
				GCC_WARN_64_TO_32_BIT_CONVERSION = YES;
				GCC_WARN_ABOUT_RETURN_TYPE = YES_ERROR;
				GCC_WARN_UNDECLARED_SELECTOR = YES;
				GCC_WARN_UNINITIALIZED_AUTOS = YES_AGGRESSIVE;
				GCC_WARN_UNUSED_FUNCTION = YES;
				GCC_WARN_UNUSED_VARIABLE = YES;
				IPHONEOS_DEPLOYMENT_TARGET = 9.3;
				MTL_ENABLE_DEBUG_INFO = YES;
				ONLY_ACTIVE_ARCH = YES;
				SDKROOT = iphoneos;
				SWIFT_OPTIMIZATION_LEVEL = "-Onone";
			};
			name = Debug;
		};
		607FACEE1AFB9204008FA782 /* Release */ = {
			isa = XCBuildConfiguration;
			buildSettings = {
				ALWAYS_SEARCH_USER_PATHS = NO;
				CLANG_CXX_LANGUAGE_STANDARD = "gnu++0x";
				CLANG_CXX_LIBRARY = "libc++";
				CLANG_ENABLE_MODULES = YES;
				CLANG_ENABLE_OBJC_ARC = YES;
				CLANG_WARN_BLOCK_CAPTURE_AUTORELEASING = YES;
				CLANG_WARN_BOOL_CONVERSION = YES;
				CLANG_WARN_COMMA = YES;
				CLANG_WARN_CONSTANT_CONVERSION = YES;
				CLANG_WARN_DIRECT_OBJC_ISA_USAGE = YES_ERROR;
				CLANG_WARN_EMPTY_BODY = YES;
				CLANG_WARN_ENUM_CONVERSION = YES;
				CLANG_WARN_INFINITE_RECURSION = YES;
				CLANG_WARN_INT_CONVERSION = YES;
				CLANG_WARN_NON_LITERAL_NULL_CONVERSION = YES;
				CLANG_WARN_OBJC_LITERAL_CONVERSION = YES;
				CLANG_WARN_OBJC_ROOT_CLASS = YES_ERROR;
				CLANG_WARN_RANGE_LOOP_ANALYSIS = YES;
				CLANG_WARN_STRICT_PROTOTYPES = YES;
				CLANG_WARN_SUSPICIOUS_MOVE = YES;
				CLANG_WARN_UNREACHABLE_CODE = YES;
				CLANG_WARN__DUPLICATE_METHOD_MATCH = YES;
				"CODE_SIGN_IDENTITY[sdk=iphoneos*]" = "iPhone Developer";
				COPY_PHASE_STRIP = NO;
				DEBUG_INFORMATION_FORMAT = "dwarf-with-dsym";
				ENABLE_NS_ASSERTIONS = NO;
				ENABLE_STRICT_OBJC_MSGSEND = YES;
				GCC_C_LANGUAGE_STANDARD = gnu99;
				GCC_NO_COMMON_BLOCKS = YES;
				GCC_WARN_64_TO_32_BIT_CONVERSION = YES;
				GCC_WARN_ABOUT_RETURN_TYPE = YES_ERROR;
				GCC_WARN_UNDECLARED_SELECTOR = YES;
				GCC_WARN_UNINITIALIZED_AUTOS = YES_AGGRESSIVE;
				GCC_WARN_UNUSED_FUNCTION = YES;
				GCC_WARN_UNUSED_VARIABLE = YES;
				IPHONEOS_DEPLOYMENT_TARGET = 9.3;
				MTL_ENABLE_DEBUG_INFO = NO;
				SDKROOT = iphoneos;
				SWIFT_OPTIMIZATION_LEVEL = "-Owholemodule";
				VALIDATE_PRODUCT = YES;
			};
			name = Release;
		};
		607FACF01AFB9204008FA782 /* Debug */ = {
			isa = XCBuildConfiguration;
			baseConfigurationReference = 6950D51C745AA570E97D8B51 /* Pods-rubber-range-picker_Example.debug.xcconfig */;
			buildSettings = {
				ASSETCATALOG_COMPILER_APPICON_NAME = AppIcon;
				DEVELOPMENT_TEAM = SK7A63GXF6;
				INFOPLIST_FILE = "rubber-range-picker/Info.plist";
				IPHONEOS_DEPLOYMENT_TARGET = 9.3;
				LD_RUNPATH_SEARCH_PATHS = "$(inherited) @executable_path/Frameworks";
				MODULE_NAME = ExampleApp;
				PRODUCT_BUNDLE_IDENTIFIER = "com.cuberto.components.rubber-range-picker";
				PRODUCT_NAME = "$(TARGET_NAME)";
				SWIFT_SWIFT3_OBJC_INFERENCE = Default;
				SWIFT_VERSION = 4.0;
			};
			name = Debug;
		};
		607FACF11AFB9204008FA782 /* Release */ = {
			isa = XCBuildConfiguration;
			baseConfigurationReference = EC14AE661B72A2C3A43980F0 /* Pods-rubber-range-picker_Example.release.xcconfig */;
			buildSettings = {
				ASSETCATALOG_COMPILER_APPICON_NAME = AppIcon;
				DEVELOPMENT_TEAM = SK7A63GXF6;
				INFOPLIST_FILE = "rubber-range-picker/Info.plist";
				IPHONEOS_DEPLOYMENT_TARGET = 9.3;
				LD_RUNPATH_SEARCH_PATHS = "$(inherited) @executable_path/Frameworks";
				MODULE_NAME = ExampleApp;
				PRODUCT_BUNDLE_IDENTIFIER = "com.cuberto.components.rubber-range-picker";
				PRODUCT_NAME = "$(TARGET_NAME)";
				SWIFT_SWIFT3_OBJC_INFERENCE = Default;
				SWIFT_VERSION = 4.0;
			};
			name = Release;
		};
/* End XCBuildConfiguration section */

/* Begin XCConfigurationList section */
		607FACCB1AFB9204008FA782 /* Build configuration list for PBXProject "rubber-range-picker" */ = {
			isa = XCConfigurationList;
			buildConfigurations = (
				607FACED1AFB9204008FA782 /* Debug */,
				607FACEE1AFB9204008FA782 /* Release */,
			);
			defaultConfigurationIsVisible = 0;
			defaultConfigurationName = Release;
		};
		607FACEF1AFB9204008FA782 /* Build configuration list for PBXNativeTarget "rubber-range-picker_Example" */ = {
			isa = XCConfigurationList;
			buildConfigurations = (
				607FACF01AFB9204008FA782 /* Debug */,
				607FACF11AFB9204008FA782 /* Release */,
			);
			defaultConfigurationIsVisible = 0;
			defaultConfigurationName = Release;
		};
/* End XCConfigurationList section */
	};
	rootObject = 607FACC81AFB9204008FA782 /* Project object */;
}
